
Microsoft Visual Studio Solution File, Format Version 12.00
# Visual Studio Version 16
VisualStudioVersion = 16.0.31424.327
MinimumVisualStudioVersion = 10.0.40219.1
Project("{FAE04EC0-301F-11D3-BF4B-00C04F79EFBC}") = "HelloMVC", "HelloMVC\HelloMVC.csproj", "{DD23C52D-82DF-490B-9DA0-C69FD01991BE}"
EndProject
Global
	GlobalSection(SolutionConfigurationPlatforms) = preSolution
		Debug|Any CPU = Debug|Any CPU
		Release|Any CPU = Release|Any CPU
	EndGlobalSection
	GlobalSection(ProjectConfigurationPlatforms) = postSolution
		{DD23C52D-82DF-490B-9DA0-C69FD01991BE}.Debug|Any CPU.ActiveCfg = Debug|Any CPU
		{DD23C52D-82DF-490B-9DA0-C69FD01991BE}.Debug|Any CPU.Build.0 = Debug|Any CPU
		{DD23C52D-82DF-490B-9DA0-C69FD01991BE}.Release|Any CPU.ActiveCfg = Release|Any CPU
		{DD23C52D-82DF-490B-9DA0-C69FD01991BE}.Release|Any CPU.Build.0 = Release|Any CPU
	EndGlobalSection
	GlobalSection(SolutionProperties) = preSolution
		HideSolutionNode = FALSE
	EndGlobalSection
	GlobalSection(ExtensibilityGlobals) = postSolution
		SolutionGuid = {643EABAF-2579-4124-8A17-C60FA3A09875}
	EndGlobalSection
EndGlobal
